
Microsoft Visual Studio Solution File, Format Version 12.00
# Visual Studio Version 17
VisualStudioVersion = 17.14.36915.13
MinimumVisualStudioVersion = 10.0.40219.1
Project("{FAE04EC0-301F-11D3-BF4B-00C04F79EFBC}") = "Invoice.API", "Invoice.API\Invoice.API.csproj", "{EE47F6A6-E03F-4C47-9A7E-71BC804388DD}"
EndProject
Project("{FAE04EC0-301F-11D3-BF4B-00C04F79EFBC}") = "Invoice.Core", "Invoice.Core\Invoice.Core.csproj", "{46C6499E-147D-419B-8E95-92D5367DACFC}"
EndProject
Project("{FAE04EC0-301F-11D3-BF4B-00C04F79EFBC}") = "Invoice.Mvc", "Invoice.Mvc\Invoice.Mvc.csproj", "{9752BA4E-4732-4054-9F7B-BE7222626A7E}"
EndProject
Project("{2150E333-8FDC-42A3-9474-1A3956D46DE8}") = "Angular", "Angular", "{02EA681E-C7D8-13C7-8484-4AC65E1B71E8}"
	ProjectSection(SolutionItems) = preProject
		Invoice.Angular\angular.json = Invoice.Angular\angular.json
		Invoice.Angular\package.json = Invoice.Angular\package.json
	EndProjectSection
EndProject
Global
	GlobalSection(SolutionConfigurationPlatforms) = preSolution
		Debug|Any CPU = Debug|Any CPU
		Release|Any CPU = Release|Any CPU
	EndGlobalSection
	GlobalSection(ProjectConfigurationPlatforms) = postSolution
		{EE47F6A6-E03F-4C47-9A7E-71BC804388DD}.Debug|Any CPU.ActiveCfg = Debug|Any CPU
		{EE47F6A6-E03F-4C47-9A7E-71BC804388DD}.Debug|Any CPU.Build.0 = Debug|Any CPU
		{EE47F6A6-E03F-4C47-9A7E-71BC804388DD}.Release|Any CPU.ActiveCfg = Release|Any CPU
		{EE47F6A6-E03F-4C47-9A7E-71BC804388DD}.Release|Any CPU.Build.0 = Release|Any CPU
		{46C6499E-147D-419B-8E95-92D5367DACFC}.Debug|Any CPU.ActiveCfg = Debug|Any CPU
		{46C6499E-147D-419B-8E95-92D5367DACFC}.Debug|Any CPU.Build.0 = Debug|Any CPU
		{46C6499E-147D-419B-8E95-92D5367DACFC}.Release|Any CPU.ActiveCfg = Release|Any CPU
		{46C6499E-147D-419B-8E95-92D5367DACFC}.Release|Any CPU.Build.0 = Release|Any CPU
		{9752BA4E-4732-4054-9F7B-BE7222626A7E}.Debug|Any CPU.ActiveCfg = Debug|Any CPU
		{9752BA4E-4732-4054-9F7B-BE7222626A7E}.Debug|Any CPU.Build.0 = Debug|Any CPU
		{9752BA4E-4732-4054-9F7B-BE7222626A7E}.Release|Any CPU.ActiveCfg = Release|Any CPU
		{9752BA4E-4732-4054-9F7B-BE7222626A7E}.Release|Any CPU.Build.0 = Release|Any CPU
	EndGlobalSection
	GlobalSection(SolutionProperties) = preSolution
		HideSolutionNode = FALSE
	EndGlobalSection
	GlobalSection(ExtensibilityGlobals) = postSolution
		SolutionGuid = {154019C3-73A3-4462-9A35-BBB21E9E578B}
	EndGlobalSection
EndGlobal
